<?xml version="1.0" encoding="UTF-8" standalone="yes" ?>
<CodeBlocks_project_file>
	<FileVersion major="1" minor="6" />
	<Project>
		<Option title="lossyWAV" />
		<Option platforms="Windows;" />
		<Option pch_mode="2" />
		<Option compiler="gcc" />
		<Build>
			<Target title="Debug">
				<Option output="bin/Debug/lossyWAV" prefix_auto="1" extension_auto="1" />
				<Option object_output="obj/Debug/" />
				<Option type="1" />
				<Option compiler="gcc" />
				<Option parameters="e:\userdata\samples\_swav16\eig.wav -f" />
				<Compiler>
					<Add option="-m32" />
				</Compiler>
			</Target>
			<Target title="Release">
				<Option output="bin/Release/lossyWAV" prefix_auto="1" extension_auto="1" />
				<Option object_output="obj/Release/" />
				<Option type="1" />
				<Option compiler="gcc" />
				<Compiler>
					<Add option="-m32" />
				</Compiler>
			</Target>
			<Target title="64-Bit">
				<Option output="bin/64-Bit/lossyWAV" prefix_auto="1" extension_auto="1" />
				<Option object_output="obj/64-bit/" />
				<Option type="1" />
				<Option compiler="mingw-x64_gnu_gcc_compiler" />
				<Compiler>
					<Add option="-m64" />
				</Compiler>
			</Target>
			<Target title="32-Bit">
				<Option output="bin/32-bit/lossyWAV" prefix_auto="1" extension_auto="1" />
				<Option object_output="obj/32-bit/" />
				<Option type="1" />
				<Option compiler="mingw-x64_gnu_gcc_compiler32" />
				<Compiler>
					<Add option="-m32" />
				</Compiler>
			</Target>
		</Build>
		<Compiler>
			<Add option="-fomit-frame-pointer" />
			<Add option="-fexpensive-optimizations" />
			<Add option="-O3" />
			<Add option="-Winit-self" />
			<Add option="-Wredundant-decls" />
			<Add option="-Wunreachable-code" />
			<Add option="-Wmissing-include-dirs" />
			<Add option="-Wswitch-default" />
			<Add option="-Wmain" />
			<Add option="-Wzero-as-null-pointer-constant" />
			<Add option="-std=c++11" />
			<Add option="-Wfatal-errors" />
			<Add option="-Wextra" />
			<Add option="-Wall" />
		</Compiler>
		<Linker>
			<Add option="-s" />
			<Add option="-static -mconsole" />
		</Linker>
		<Unit filename="lossyWAV.cpp" />
		<Unit filename="lossyWAV.rc">
			<Option compilerVar="WINDRES" />
		</Unit>
		<Unit filename="units/fftw_interface.cpp" />
		<Unit filename="units/fftw_interface.h" />
		<Unit filename="units/nComplex.h" />
		<Unit filename="units/nCore.cpp" />
		<Unit filename="units/nCore.h" />
		<Unit filename="units/nFFT.cpp" />
		<Unit filename="units/nFFT.h" />
		<Unit filename="units/nFillFFT.cpp" />
		<Unit filename="units/nFillFFT.h" />
		<Unit filename="units/nInitialise.cpp" />
		<Unit filename="units/nInitialise.h" />
		<Unit filename="units/nMasking.h" />
		<Unit filename="units/nMaths.cpp" />
		<Unit filename="units/nMaths.h" />
		<Unit filename="units/nOutput.cpp" />
		<Unit filename="units/nOutput.h" />
		<Unit filename="units/nParameter.cpp" />
		<Unit filename="units/nParameter.h" />
		<Unit filename="units/nProcess.cpp" />
		<Unit filename="units/nProcess.h" />
		<Unit filename="units/nRemoveBits.cpp" />
		<Unit filename="units/nRemoveBits.h" />
		<Unit filename="units/nSGNS.cpp" />
		<Unit filename="units/nSGNS.h" />
		<Unit filename="units/nShiftBlocks.cpp" />
		<Unit filename="units/nShiftBlocks.h" />
		<Unit filename="units/nSpreading.cpp" />
		<Unit filename="units/nSpreading.h" />
		<Unit filename="units/nSupport.h" />
		<Unit filename="units/nWav.cpp" />
		<Unit filename="units/nWav.h" />
		<Unit filename="version.h" />
		<Extensions>
			<code_completion />
			<envvars set="default" />
			<debugger />
			<lib_finder disable_auto="1" />
			<AutoVersioning>
				<Scheme minor_max="9" build_max="9999" rev_max="26" rev_rand_max="26" build_times_to_increment_minor="10000" />
				<Settings autoincrement="0" date_declarations="1" use_define="0" update_manifest="1" do_auto_increment="0" ask_to_increment="1" language="C++" svn="0" svn_directory="" header_path="version.h" />
				<Changes_Log show_changes_editor="0" app_title="released version %M.%m.%b of %p" changeslog_path="ChangesLog.txt" />
				<Code header_guard="VERSION_H" namespace="AutoVersion" prefix="" />
			</AutoVersioning>
			<DoxyBlocks>
				<comment_style block="0" line="0" />
				<doxyfile_project />
				<doxyfile_build />
				<doxyfile_warnings />
				<doxyfile_output />
				<doxyfile_dot />
				<general />
			</DoxyBlocks>
			<editor_config active="1" use_tabs="0" tab_indents="1" tab_width="4" indent="4" eol_mode="0" />
		</Extensions>
	</Project>
</CodeBlocks_project_file>
